// !$*UTF8*$!
{
	archiveVersion = 1;
	classes = {
	};
	objectVersion = 56;
	objects = {

/* Begin PBXBuildFile section */
		AA1000001 /* RapApp.swift in Sources */ = {isa = PBXBuildFile; fileRef = AB1000001 /* RapApp.swift */; };
		AA1000002 /* ContentView.swift in Sources */ = {isa = PBXBuildFile; fileRef = AB1000002 /* ContentView.swift */; };
		AA1000003 /* AnthropicService.swift in Sources */ = {isa = PBXBuildFile; fileRef = AB1000003 /* AnthropicService.swift */; };
		AA1000004 /* HistoryItem.swift in Sources */ = {isa = PBXBuildFile; fileRef = AB1000004 /* HistoryItem.swift */; };
		AA1000005 /* LyricsAnalysis.swift in Sources */ = {isa = PBXBuildFile; fileRef = AB1000005 /* LyricsAnalysis.swift */; };
		AA1000006 /* TrackDecode.swift in Sources */ = {isa = PBXBuildFile; fileRef = AB1000006 /* TrackDecode.swift */; };
		AA1000007 /* LyricsAnalyzeView.swift in Sources */ = {isa = PBXBuildFile; fileRef = AB1000007 /* LyricsAnalyzeView.swift */; };
		AA1000008 /* TrackDecodeView.swift in Sources */ = {isa = PBXBuildFile; fileRef = AB1000008 /* TrackDecodeView.swift */; };
		AA1000009 /* FreeSearchView.swift in Sources */ = {isa = PBXBuildFile; fileRef = AB1000009 /* FreeSearchView.swift */; };
		AA100000A /* LoadingView.swift in Sources */ = {isa = PBXBuildFile; fileRef = AB100000A /* LoadingView.swift */; };
		AA100000B /* ToastView.swift in Sources */ = {isa = PBXBuildFile; fileRef = AB100000B /* ToastView.swift */; };
		AA100000C /* DesignSystem.swift in Sources */ = {isa = PBXBuildFile; fileRef = AB100000C /* DesignSystem.swift */; };
		AA100000D /* Assets.xcassets in Resources */ = {isa = PBXBuildFile; fileRef = AB100000D /* Assets.xcassets */; };
		AA100000E /* DiscoverView.swift in Sources */ = {isa = PBXBuildFile; fileRef = AB100000E /* DiscoverView.swift */; };
		AA100000F /* TappableLyricsView.swift in Sources */ = {isa = PBXBuildFile; fileRef = AB100000F /* TappableLyricsView.swift */; };
		AA1000010 /* SlangSheet.swift in Sources */ = {isa = PBXBuildFile; fileRef = AB1000010 /* SlangSheet.swift */; };
		AA1000011 /* HeroHeader.swift in Sources */ = {isa = PBXBuildFile; fileRef = AB1000011 /* HeroHeader.swift */; };
		AA1000012 /* YouTubeVideo.swift in Sources */ = {isa = PBXBuildFile; fileRef = AB1000012 /* YouTubeVideo.swift */; };
		AA1000013 /* YouTubeService.swift in Sources */ = {isa = PBXBuildFile; fileRef = AB1000013 /* YouTubeService.swift */; };
		AA1000014 /* YouTubePlayerView.swift in Sources */ = {isa = PBXBuildFile; fileRef = AB1000014 /* YouTubePlayerView.swift */; };
		AA1000015 /* VideoSearchView.swift in Sources */ = {isa = PBXBuildFile; fileRef = AB1000015 /* VideoSearchView.swift */; };
		AA1000016 /* VideoDetailView.swift in Sources */ = {isa = PBXBuildFile; fileRef = AB1000016 /* VideoDetailView.swift */; };
/* End PBXBuildFile section */

/* Begin PBXFileReference section */
		AB1000001 /* RapApp.swift */ = {isa = PBXFileReference; lastKnownFileType = sourcecode.swift; path = RapApp.swift; sourceTree = "<group>"; };
		AB1000002 /* ContentView.swift */ = {isa = PBXFileReference; lastKnownFileType = sourcecode.swift; path = ContentView.swift; sourceTree = "<group>"; };
		AB1000003 /* AnthropicService.swift */ = {isa = PBXFileReference; lastKnownFileType = sourcecode.swift; path = AnthropicService.swift; sourceTree = "<group>"; };
		AB1000004 /* HistoryItem.swift */ = {isa = PBXFileReference; lastKnownFileType = sourcecode.swift; path = HistoryItem.swift; sourceTree = "<group>"; };
		AB1000005 /* LyricsAnalysis.swift */ = {isa = PBXFileReference; lastKnownFileType = sourcecode.swift; path = LyricsAnalysis.swift; sourceTree = "<group>"; };
		AB1000006 /* TrackDecode.swift */ = {isa = PBXFileReference; lastKnownFileType = sourcecode.swift; path = TrackDecode.swift; sourceTree = "<group>"; };
		AB1000007 /* LyricsAnalyzeView.swift */ = {isa = PBXFileReference; lastKnownFileType = sourcecode.swift; path = LyricsAnalyzeView.swift; sourceTree = "<group>"; };
		AB1000008 /* TrackDecodeView.swift */ = {isa = PBXFileReference; lastKnownFileType = sourcecode.swift; path = TrackDecodeView.swift; sourceTree = "<group>"; };
		AB1000009 /* FreeSearchView.swift */ = {isa = PBXFileReference; lastKnownFileType = sourcecode.swift; path = FreeSearchView.swift; sourceTree = "<group>"; };
		AB100000A /* LoadingView.swift */ = {isa = PBXFileReference; lastKnownFileType = sourcecode.swift; path = LoadingView.swift; sourceTree = "<group>"; };
		AB100000B /* ToastView.swift */ = {isa = PBXFileReference; lastKnownFileType = sourcecode.swift; path = ToastView.swift; sourceTree = "<group>"; };
		AB100000C /* DesignSystem.swift */ = {isa = PBXFileReference; lastKnownFileType = sourcecode.swift; path = DesignSystem.swift; sourceTree = "<group>"; };
		AB100000D /* Assets.xcassets */ = {isa = PBXFileReference; lastKnownFileType = folder.assetcatalog; path = Assets.xcassets; sourceTree = "<group>"; };
		AB100000E /* DiscoverView.swift */ = {isa = PBXFileReference; lastKnownFileType = sourcecode.swift; path = DiscoverView.swift; sourceTree = "<group>"; };
		AB100000F /* TappableLyricsView.swift */ = {isa = PBXFileReference; lastKnownFileType = sourcecode.swift; path = TappableLyricsView.swift; sourceTree = "<group>"; };
		AB1000010 /* SlangSheet.swift */ = {isa = PBXFileReference; lastKnownFileType = sourcecode.swift; path = SlangSheet.swift; sourceTree = "<group>"; };
		AB1000011 /* HeroHeader.swift */ = {isa = PBXFileReference; lastKnownFileType = sourcecode.swift; path = HeroHeader.swift; sourceTree = "<group>"; };
		AB1000012 /* YouTubeVideo.swift */ = {isa = PBXFileReference; lastKnownFileType = sourcecode.swift; path = YouTubeVideo.swift; sourceTree = "<group>"; };
		AB1000013 /* YouTubeService.swift */ = {isa = PBXFileReference; lastKnownFileType = sourcecode.swift; path = YouTubeService.swift; sourceTree = "<group>"; };
		AB1000014 /* YouTubePlayerView.swift */ = {isa = PBXFileReference; lastKnownFileType = sourcecode.swift; path = YouTubePlayerView.swift; sourceTree = "<group>"; };
		AB1000015 /* VideoSearchView.swift */ = {isa = PBXFileReference; lastKnownFileType = sourcecode.swift; path = VideoSearchView.swift; sourceTree = "<group>"; };
		AB1000016 /* VideoDetailView.swift */ = {isa = PBXFileReference; lastKnownFileType = sourcecode.swift; path = VideoDetailView.swift; sourceTree = "<group>"; };
		AB100000E /* Info.plist */ = {isa = PBXFileReference; lastKnownFileType = text.plist.xml; path = Info.plist; sourceTree = "<group>"; };
		AB100000F /* Rap.app */ = {isa = PBXFileReference; explicitFileType = wrapper.application; includeInIndex = 0; path = Rap.app; sourceTree = BUILT_PRODUCTS_DIR; };
/* End PBXFileReference section */

/* Begin PBXFrameworksBuildPhase section */
		AC1000001 /* Frameworks */ = {
			isa = PBXFrameworksBuildPhase;
			buildActionMask = 2147483647;
			files = (
			);
			runOnlyForDeploymentPostprocessing = 0;
		};
/* End PBXFrameworksBuildPhase section */

/* Begin PBXGroup section */
		AD1000001 /* Rap */ = {
			isa = PBXGroup;
			children = (
				AB1000001 /* RapApp.swift */,
				AB1000002 /* ContentView.swift */,
				AB100000E /* Info.plist */,
				AB100000D /* Assets.xcassets */,
				AD1000003 /* Services */,
				AD1000004 /* Models */,
				AD1000005 /* Views */,
			);
			path = Rap;
			sourceTree = "<group>";
		};
		AD1000002 /* Products */ = {
			isa = PBXGroup;
			children = (
				AB100000F /* Rap.app */,
			);
			name = Products;
			sourceTree = "<group>";
		};
		AD1000003 /* Services */ = {
			isa = PBXGroup;
			children = (
				AB1000003 /* AnthropicService.swift */,
				AB1000013 /* YouTubeService.swift */,
			);
			path = Services;
			sourceTree = "<group>";
		};
		AD1000004 /* Models */ = {
			isa = PBXGroup;
			children = (
				AB1000004 /* HistoryItem.swift */,
				AB1000005 /* LyricsAnalysis.swift */,
				AB1000006 /* TrackDecode.swift */,
				AB1000012 /* YouTubeVideo.swift */,
			);
			path = Models;
			sourceTree = "<group>";
		};
		AD1000005 /* Views */ = {
			isa = PBXGroup;
			children = (
				AB100000E /* DiscoverView.swift */,
				AB1000015 /* VideoSearchView.swift */,
				AB1000016 /* VideoDetailView.swift */,
				AB1000007 /* LyricsAnalyzeView.swift */,
				AB1000008 /* TrackDecodeView.swift */,
				AB1000009 /* FreeSearchView.swift */,
				AD1000006 /* Components */,
			);
			path = Views;
			sourceTree = "<group>";
		};
		AD1000006 /* Components */ = {
			isa = PBXGroup;
			children = (
				AB100000A /* LoadingView.swift */,
				AB100000B /* ToastView.swift */,
				AB100000C /* DesignSystem.swift */,
				AB100000F /* TappableLyricsView.swift */,
				AB1000010 /* SlangSheet.swift */,
				AB1000011 /* HeroHeader.swift */,
				AB1000014 /* YouTubePlayerView.swift */,
			);
			path = Components;
			sourceTree = "<group>";
		};
		AD1000000 /* main group */ = {
			isa = PBXGroup;
			children = (
				AD1000001 /* Rap */,
				AD1000002 /* Products */,
			);
			sourceTree = "<group>";
		};
/* End PBXGroup section */

/* Begin PBXNativeTarget section */
		AE1000001 /* Rap */ = {
			isa = PBXNativeTarget;
			buildConfigurationList = AF1000002 /* Build configuration list for PBXNativeTarget "Rap" */;
			buildPhases = (
				AC1000001 /* Frameworks */,
				AC1000002 /* Sources */,
				AC1000003 /* Resources */,
			);
			buildRules = (
			);
			dependencies = (
			);
			name = Rap;
			productName = Rap;
			productReference = AB100000F /* Rap.app */;
			productType = "com.apple.product-type.application";
		};
/* End PBXNativeTarget section */

/* Begin PBXProject section */
		AF0000000 /* Project object */ = {
			isa = PBXProject;
			attributes = {
				BuildIndependentTargetsInParallel = 1;
				LastSwiftUpdateCheck = 1500;
				LastUpgradeCheck = 1500;
				TargetAttributes = {
					AE1000001 = {
						CreatedOnToolsVersion = 15.0;
					};
				};
			};
			buildConfigurationList = AF1000001 /* Build configuration list for PBXProject "Rap" */;
			compatibilityVersion = "Xcode 14.0";
			developmentRegion = ja;
			hasScannedForEncodings = 0;
			knownRegions = (
				ja,
				en,
				Base,
			);
			mainGroup = AD1000000;
			productRefGroup = AD1000002 /* Products */;
			projectDirPath = "";
			projectRoot = "";
			targets = (
				AE1000001 /* Rap */,
			);
		};
/* End PBXProject section */

/* Begin PBXResourcesBuildPhase section */
		AC1000003 /* Resources */ = {
			isa = PBXResourcesBuildPhase;
			buildActionMask = 2147483647;
			files = (
				AA100000D /* Assets.xcassets in Resources */,
			);
			runOnlyForDeploymentPostprocessing = 0;
		};
/* End PBXResourcesBuildPhase section */

/* Begin PBXSourcesBuildPhase section */
		AC1000002 /* Sources */ = {
			isa = PBXSourcesBuildPhase;
			buildActionMask = 2147483647;
			files = (
				AA1000001 /* RapApp.swift in Sources */,
				AA1000002 /* ContentView.swift in Sources */,
				AA1000003 /* AnthropicService.swift in Sources */,
				AA1000004 /* HistoryItem.swift in Sources */,
				AA1000005 /* LyricsAnalysis.swift in Sources */,
				AA1000006 /* TrackDecode.swift in Sources */,
				AA1000007 /* LyricsAnalyzeView.swift in Sources */,
				AA1000008 /* TrackDecodeView.swift in Sources */,
				AA1000009 /* FreeSearchView.swift in Sources */,
				AA100000A /* LoadingView.swift in Sources */,
				AA100000B /* ToastView.swift in Sources */,
				AA100000C /* DesignSystem.swift in Sources */,
				AA100000E /* DiscoverView.swift in Sources */,
				AA100000F /* TappableLyricsView.swift in Sources */,
				AA1000010 /* SlangSheet.swift in Sources */,
				AA1000011 /* HeroHeader.swift in Sources */,
				AA1000012 /* YouTubeVideo.swift in Sources */,
				AA1000013 /* YouTubeService.swift in Sources */,
				AA1000014 /* YouTubePlayerView.swift in Sources */,
				AA1000015 /* VideoSearchView.swift in Sources */,
				AA1000016 /* VideoDetailView.swift in Sources */,
			);
			runOnlyForDeploymentPostprocessing = 0;
		};
/* End PBXSourcesBuildPhase section */

/* Begin XCBuildConfiguration section */
		B1000001 /* Debug */ = {
			isa = XCBuildConfiguration;
			buildSettings = {
				ALWAYS_SEARCH_USER_PATHS = NO;
				ASSETCATALOG_COMPILER_GENERATE_SWIFT_ASSET_SYMBOL_EXTENSIONS = YES;
				CLANG_ANALYZER_NONNULL = YES;
				CLANG_ANALYZER_NUMBER_OBJECT_CONVERSION = YES_AGGRESSIVE;
				CLANG_CXX_LANGUAGE_STANDARD = "gnu++20";
				CLANG_ENABLE_MODULES = YES;
				CLANG_ENABLE_OBJC_ARC = YES;
				CLANG_ENABLE_OBJC_WEAK = YES;
				CLANG_WARN_BLOCK_CAPTURE_AUTORELEASING = YES;
				CLANG_WARN_BOOL_CONVERSION = YES;
				CLANG_WARN_COMMA = YES;
				CLANG_WARN_CONSTANT_CONVERSION = YES;
				CLANG_WARN_DEPRECATED_OBJC_IMPLEMENTATIONS = YES;
				CLANG_WARN_DIRECT_OBJC_ISA_USAGE = YES_ERROR;
				CLANG_WARN_DOCUMENTATION_COMMENTS = YES;
				CLANG_WARN_EMPTY_BODY = YES;
				CLANG_WARN_ENUM_CONVERSION = YES;
				CLANG_WARN_INFINITE_RECURSION = YES;
				CLANG_WARN_INT_CONVERSION = YES;
				CLANG_WARN_NON_LITERAL_NULL_CONVERSION = YES;
				CLANG_WARN_OBJC_IMPLICIT_RETAIN_CYCLE = YES;
				CLANG_WARN_OBJC_LITERAL_CONVERSION = YES;
				CLANG_WARN_OBJC_ROOT_CLASS = YES_ERROR;
				CLANG_WARN_QUOTED_INCLUDE_IN_FRAMEWORK_HEADER = YES;
				CLANG_WARN_RANGE_LOOP_ANALYSIS = YES;
				CLANG_WARN_STRICT_PROTOTYPES = YES;
				CLANG_WARN_SUSPICIOUS_MOVE = YES;
				CLANG_WARN_UNGUARDED_AVAILABILITY = YES_AGGRESSIVE;
				CLANG_WARN_UNREACHABLE_CODE = YES;
				CLANG_WARN__DUPLICATE_METHOD_MATCH = YES;
				COPY_PHASE_STRIP = NO;
				DEBUG_INFORMATION_FORMAT = dwarf;
				ENABLE_STRICT_OBJC_MSGSEND = YES;
				ENABLE_TESTABILITY = YES;
				ENABLE_USER_SCRIPT_SANDBOXING = YES;
				GCC_C_LANGUAGE_STANDARD = gnu17;
				GCC_DYNAMIC_NO_PIC = NO;
				GCC_NO_COMMON_BLOCKS = YES;
				GCC_OPTIMIZATION_LEVEL = 0;
				GCC_PREPROCESSOR_DEFINITIONS = (
					"DEBUG=1",
					"$(inherited)",
				);
				GCC_WARN_64_TO_32_BIT_CONVERSION = YES;
				GCC_WARN_ABOUT_RETURN_TYPE = YES_ERROR;
				GCC_WARN_UNDECLARED_SELECTOR = YES;
				GCC_WARN_UNINITIALIZED_AUTOS = YES_AGGRESSIVE;
				GCC_WARN_UNUSED_FUNCTION = YES;
				GCC_WARN_UNUSED_VARIABLE = YES;
				IPHONEOS_DEPLOYMENT_TARGET = 17.0;
				MTL_ENABLE_DEBUG_INFO = INCLUDE_SOURCE;
				MTL_FAST_MATH = YES;
				ONLY_ACTIVE_ARCH = YES;
				SDKROOT = iphoneos;
				SWIFT_ACTIVE_COMPILATION_CONDITIONS = "DEBUG $(inherited)";
				SWIFT_OPTIMIZATION_LEVEL = "-Onone";
			};
			name = Debug;
		};
		B1000002 /* Release */ = {
			isa = XCBuildConfiguration;
			buildSettings = {
				ALWAYS_SEARCH_USER_PATHS = NO;
				ASSETCATALOG_COMPILER_GENERATE_SWIFT_ASSET_SYMBOL_EXTENSIONS = YES;
				CLANG_ANALYZER_NONNULL = YES;
				CLANG_ANALYZER_NUMBER_OBJECT_CONVERSION = YES_AGGRESSIVE;
				CLANG_CXX_LANGUAGE_STANDARD = "gnu++20";
				CLANG_ENABLE_MODULES = YES;
				CLANG_ENABLE_OBJC_ARC = YES;
				CLANG_ENABLE_OBJC_WEAK = YES;
				CLANG_WARN_BLOCK_CAPTURE_AUTORELEASING = YES;
				CLANG_WARN_BOOL_CONVERSION = YES;
				CLANG_WARN_COMMA = YES;
				CLANG_WARN_CONSTANT_CONVERSION = YES;
				CLANG_WARN_DEPRECATED_OBJC_IMPLEMENTATIONS = YES;
				CLANG_WARN_DIRECT_OBJC_ISA_USAGE = YES_ERROR;
				CLANG_WARN_DOCUMENTATION_COMMENTS = YES;
				CLANG_WARN_EMPTY_BODY = YES;
				CLANG_WARN_ENUM_CONVERSION = YES;
				CLANG_WARN_INFINITE_RECURSION = YES;
				CLANG_WARN_INT_CONVERSION = YES;
				CLANG_WARN_NON_LITERAL_NULL_CONVERSION = YES;
				CLANG_WARN_OBJC_IMPLICIT_RETAIN_CYCLE = YES;
				CLANG_WARN_OBJC_LITERAL_CONVERSION = YES;
				CLANG_WARN_OBJC_ROOT_CLASS = YES_ERROR;
				CLANG_WARN_QUOTED_INCLUDE_IN_FRAMEWORK_HEADER = YES;
				CLANG_WARN_RANGE_LOOP_ANALYSIS = YES;
				CLANG_WARN_STRICT_PROTOTYPES = YES;
				CLANG_WARN_SUSPICIOUS_MOVE = YES;
				CLANG_WARN_UNGUARDED_AVAILABILITY = YES_AGGRESSIVE;
				CLANG_WARN_UNREACHABLE_CODE = YES;
				CLANG_WARN__DUPLICATE_METHOD_MATCH = YES;
				COPY_PHASE_STRIP = NO;
				DEBUG_INFORMATION_FORMAT = "dwarf-with-dsym";
				ENABLE_NS_ASSERTIONS = NO;
				ENABLE_STRICT_OBJC_MSGSEND = YES;
				ENABLE_USER_SCRIPT_SANDBOXING = YES;
				GCC_C_LANGUAGE_STANDARD = gnu17;
				GCC_NO_COMMON_BLOCKS = YES;
				GCC_WARN_64_TO_32_BIT_CONVERSION = YES;
				GCC_WARN_ABOUT_RETURN_TYPE = YES_ERROR;
				GCC_WARN_UNDECLARED_SELECTOR = YES;
				GCC_WARN_UNINITIALIZED_AUTOS = YES_AGGRESSIVE;
				GCC_WARN_UNUSED_FUNCTION = YES;
				GCC_WARN_UNUSED_VARIABLE = YES;
				IPHONEOS_DEPLOYMENT_TARGET = 17.0;
				MTL_FAST_MATH = YES;
				SDKROOT = iphoneos;
				SWIFT_COMPILATION_MODE = wholemodule;
				VALIDATE_PRODUCT = YES;
			};
			name = Release;
		};
		B1000003 /* Debug */ = {
			isa = XCBuildConfiguration;
			buildSettings = {
				ASSETCATALOG_COMPILER_APPICON_NAME = AppIcon;
				ASSETCATALOG_COMPILER_GLOBAL_ACCENT_COLOR_NAME = AccentColor;
				CODE_SIGN_STYLE = Automatic;
				CURRENT_PROJECT_VERSION = 1;
				DEVELOPMENT_ASSET_PATHS = "";
				ENABLE_PREVIEWS = YES;
				GENERATE_INFOPLIST_FILE = NO;
				INFOPLIST_FILE = Rap/Info.plist;
				INFOPLIST_KEY_UIApplicationSceneManifest_Generation = YES;
				INFOPLIST_KEY_UIApplicationSupportsIndirectInputEvents = YES;
				INFOPLIST_KEY_UILaunchScreen_Generation = YES;
				INFOPLIST_KEY_UISupportedInterfaceOrientations_iPhone = UIInterfaceOrientationPortrait;
				LD_RUNPATH_SEARCH_PATHS = (
					"$(inherited)",
					"@executable_path/Frameworks",
				);
				MARKETING_VERSION = 1.0;
				PRODUCT_BUNDLE_IDENTIFIER = com.yourname.HipHopDecoder;
				PRODUCT_NAME = "$(TARGET_NAME)";
				SWIFT_EMIT_LOC_STRINGS = YES;
				SWIFT_VERSION = 5.0;
				TARGETED_DEVICE_FAMILY = 1;
				/* Set your API key via xcconfig or environment variable */
				ANTHROPIC_API_KEY = "";
				YOUTUBE_API_KEY = "";
			};
			name = Debug;
		};
		B1000004 /* Release */ = {
			isa = XCBuildConfiguration;
			buildSettings = {
				ASSETCATALOG_COMPILER_APPICON_NAME = AppIcon;
				ASSETCATALOG_COMPILER_GLOBAL_ACCENT_COLOR_NAME = AccentColor;
				CODE_SIGN_STYLE = Automatic;
				CURRENT_PROJECT_VERSION = 1;
				DEVELOPMENT_ASSET_PATHS = "";
				ENABLE_PREVIEWS = YES;
				GENERATE_INFOPLIST_FILE = NO;
				INFOPLIST_FILE = Rap/Info.plist;
				INFOPLIST_KEY_UIApplicationSceneManifest_Generation = YES;
				INFOPLIST_KEY_UIApplicationSupportsIndirectInputEvents = YES;
				INFOPLIST_KEY_UILaunchScreen_Generation = YES;
				INFOPLIST_KEY_UISupportedInterfaceOrientations_iPhone = UIInterfaceOrientationPortrait;
				LD_RUNPATH_SEARCH_PATHS = (
					"$(inherited)",
					"@executable_path/Frameworks",
				);
				MARKETING_VERSION = 1.0;
				PRODUCT_BUNDLE_IDENTIFIER = com.yourname.HipHopDecoder;
				PRODUCT_NAME = "$(TARGET_NAME)";
				SWIFT_EMIT_LOC_STRINGS = YES;
				SWIFT_VERSION = 5.0;
				TARGETED_DEVICE_FAMILY = 1;
				/* Set your API key via xcconfig or environment variable */
				ANTHROPIC_API_KEY = "";
				YOUTUBE_API_KEY = "";
			};
			name = Release;
		};
/* End XCBuildConfiguration section */

/* Begin XCConfigurationList section */
		AF1000001 /* Build configuration list for PBXProject "Rap" */ = {
			isa = XCConfigurationList;
			buildConfigurations = (
				B1000001 /* Debug */,
				B1000002 /* Release */,
			);
			defaultConfigurationIsVisible = 0;
			defaultConfigurationName = Release;
		};
		AF1000002 /* Build configuration list for PBXNativeTarget "Rap" */ = {
			isa = XCConfigurationList;
			buildConfigurations = (
				B1000003 /* Debug */,
				B1000004 /* Release */,
			);
			defaultConfigurationIsVisible = 0;
			defaultConfigurationName = Release;
		};
/* End XCConfigurationList section */

	};
	rootObject = AF0000000 /* Project object */;
}
